
Microsoft Visual Studio Solution File, Format Version 12.00
# Visual Studio 15
VisualStudioVersion = 15.0.27130.0
MinimumVisualStudioVersion = 10.0.40219.1
Project("{FAE04EC0-301F-11D3-BF4B-00C04F79EFBC}") = "WindowsFormsApp18", "WindowsFormsApp18\WindowsFormsApp18.csproj", "{74659BA2-4FC3-4A27-8D30-E6326E1ED548}"
EndProject
Global
	GlobalSection(SolutionConfigurationPlatforms) = preSolution
		Debug|Any CPU = Debug|Any CPU
		Release|Any CPU = Release|Any CPU
	EndGlobalSection
	GlobalSection(ProjectConfigurationPlatforms) = postSolution
		{74659BA2-4FC3-4A27-8D30-E6326E1ED548}.Debug|Any CPU.ActiveCfg = Debug|Any CPU
		{74659BA2-4FC3-4A27-8D30-E6326E1ED548}.Debug|Any CPU.Build.0 = Debug|Any CPU
		{74659BA2-4FC3-4A27-8D30-E6326E1ED548}.Release|Any CPU.ActiveCfg = Release|Any CPU
		{74659BA2-4FC3-4A27-8D30-E6326E1ED548}.Release|Any CPU.Build.0 = Release|Any CPU
	EndGlobalSection
	GlobalSection(SolutionProperties) = preSolution
		HideSolutionNode = FALSE
	EndGlobalSection
	GlobalSection(ExtensibilityGlobals) = postSolution
		SolutionGuid = {2E213BDB-F50A-4BF9-B09A-C2DF11B80ADC}
	EndGlobalSection
EndGlobal
